{
  "lockfileVersion": 1,
  "workspaces": {
    "": {
      "dependencies": {
        "zx": "^8.8.4",
      },
    },
  },
  "packages": {
    "zx": ["zx@8.8.4", "", { "bin": { "zx": "build/cli.js" } }, "sha512-44GcD+ZlM/v1OQtbwnSxLPcoE1ZEUICmR+RSbJZLAqfIixNLuMjLyh0DcS75OyfJ/sWYAwCWDmDvJ4hdnANAPQ=="],
  }
}
